// !$*UTF8*$!
{
	archiveVersion = 1;
	classes = {
	};
	objectVersion = 56;
	objects = {

/* Begin PBXBuildFile section */
		88AEF6F029E3B38800BFB797 /* PhoneNumberData.swift in Sources */ = {isa = PBXBuildFile; fileRef = 88AEF6EF29E3B38800BFB797 /* PhoneNumberData.swift */; };
		88AEF6F229E3C0FA00BFB797 /* EmergencyAlertViewModel.swift in Sources */ = {isa = PBXBuildFile; fileRef = 88AEF6F129E3C0FA00BFB797 /* EmergencyAlertViewModel.swift */; };
		88DDF88329E2603C00EC5FA4 /* EmergencyAlertApp.swift in Sources */ = {isa = PBXBuildFile; fileRef = 88DDF88229E2603C00EC5FA4 /* EmergencyAlertApp.swift */; };
		88DDF88529E2603C00EC5FA4 /* EmergencyAlertView.swift in Sources */ = {isa = PBXBuildFile; fileRef = 88DDF88429E2603C00EC5FA4 /* EmergencyAlertView.swift */; };
		88DDF88729E2604000EC5FA4 /* Assets.xcassets in Resources */ = {isa = PBXBuildFile; fileRef = 88DDF88629E2604000EC5FA4 /* Assets.xcassets */; };
		88DDF88A29E2604000EC5FA4 /* Preview Assets.xcassets in Resources */ = {isa = PBXBuildFile; fileRef = 88DDF88929E2604000EC5FA4 /* Preview Assets.xcassets */; };
		88DDF89129E2805200EC5FA4 /* EmergencyAlertModel.swift in Sources */ = {isa = PBXBuildFile; fileRef = 88DDF89029E2805200EC5FA4 /* EmergencyAlertModel.swift */; };
/* End PBXBuildFile section */

/* Begin PBXFileReference section */
		88AEF6EF29E3B38800BFB797 /* PhoneNumberData.swift */ = {isa = PBXFileReference; lastKnownFileType = sourcecode.swift; path = PhoneNumberData.swift; sourceTree = "<group>"; };
		88AEF6F129E3C0FA00BFB797 /* EmergencyAlertViewModel.swift */ = {isa = PBXFileReference; lastKnownFileType = sourcecode.swift; path = EmergencyAlertViewModel.swift; sourceTree = "<group>"; };
		88DDF87F29E2603C00EC5FA4 /* EmergencyAlert.app */ = {isa = PBXFileReference; explicitFileType = wrapper.application; includeInIndex = 0; path = EmergencyAlert.app; sourceTree = BUILT_PRODUCTS_DIR; };
		88DDF88229E2603C00EC5FA4 /* EmergencyAlertApp.swift */ = {isa = PBXFileReference; lastKnownFileType = sourcecode.swift; path = EmergencyAlertApp.swift; sourceTree = "<group>"; };
		88DDF88429E2603C00EC5FA4 /* EmergencyAlertView.swift */ = {isa = PBXFileReference; lastKnownFileType = sourcecode.swift; path = EmergencyAlertView.swift; sourceTree = "<group>"; };
		88DDF88629E2604000EC5FA4 /* Assets.xcassets */ = {isa = PBXFileReference; lastKnownFileType = folder.assetcatalog; path = Assets.xcassets; sourceTree = "<group>"; };
		88DDF88929E2604000EC5FA4 /* Preview Assets.xcassets */ = {isa = PBXFileReference; lastKnownFileType = folder.assetcatalog; path = "Preview Assets.xcassets"; sourceTree = "<group>"; };
		88DDF89029E2805200EC5FA4 /* EmergencyAlertModel.swift */ = {isa = PBXFileReference; lastKnownFileType = sourcecode.swift; path = EmergencyAlertModel.swift; sourceTree = "<group>"; };
/* End PBXFileReference section */

/* Begin PBXFrameworksBuildPhase section */
		88DDF87C29E2603C00EC5FA4 /* Frameworks */ = {
			isa = PBXFrameworksBuildPhase;
			buildActionMask = 2147483647;
			files = (
			);
			runOnlyForDeploymentPostprocessing = 0;
		};
/* End PBXFrameworksBuildPhase section */

/* Begin PBXGroup section */
		88DDF87629E2603C00EC5FA4 = {
			isa = PBXGroup;
			children = (
				88DDF88129E2603C00EC5FA4 /* EmergencyAlert */,
				88DDF88029E2603C00EC5FA4 /* Products */,
			);
			sourceTree = "<group>";
		};
		88DDF88029E2603C00EC5FA4 /* Products */ = {
			isa = PBXGroup;
			children = (
				88DDF87F29E2603C00EC5FA4 /* EmergencyAlert.app */,
			);
			name = Products;
			sourceTree = "<group>";
		};
		88DDF88129E2603C00EC5FA4 /* EmergencyAlert */ = {
			isa = PBXGroup;
			children = (
				88DDF88229E2603C00EC5FA4 /* EmergencyAlertApp.swift */,
				88DDF88429E2603C00EC5FA4 /* EmergencyAlertView.swift */,
				88DDF89029E2805200EC5FA4 /* EmergencyAlertModel.swift */,
				88AEF6EF29E3B38800BFB797 /* PhoneNumberData.swift */,
				88AEF6F129E3C0FA00BFB797 /* EmergencyAlertViewModel.swift */,
				88DDF88629E2604000EC5FA4 /* Assets.xcassets */,
				88DDF88829E2604000EC5FA4 /* Preview Content */,
			);
			path = EmergencyAlert;
			sourceTree = "<group>";
		};
		88DDF88829E2604000EC5FA4 /* Preview Content */ = {
			isa = PBXGroup;
			children = (
				88DDF88929E2604000EC5FA4 /* Preview Assets.xcassets */,
			);
			path = "Preview Content";
			sourceTree = "<group>";
		};
/* End PBXGroup section */

/* Begin PBXNativeTarget section */
		88DDF87E29E2603C00EC5FA4 /* EmergencyAlert */ = {
			isa = PBXNativeTarget;
			buildConfigurationList = 88DDF88D29E2604000EC5FA4 /* Build configuration list for PBXNativeTarget "EmergencyAlert" */;
			buildPhases = (
				88DDF87B29E2603C00EC5FA4 /* Sources */,
				88DDF87C29E2603C00EC5FA4 /* Frameworks */,
				88DDF87D29E2603C00EC5FA4 /* Resources */,
			);
			buildRules = (
			);
			dependencies = (
			);
			name = EmergencyAlert;
			productName = EmergencyAlert;
			productReference = 88DDF87F29E2603C00EC5FA4 /* EmergencyAlert.app */;
			productType = "com.apple.product-type.application";
		};
/* End PBXNativeTarget section */

/* Begin PBXProject section */
		88DDF87729E2603C00EC5FA4 /* Project object */ = {
			isa = PBXProject;
			attributes = {
				BuildIndependentTargetsInParallel = 1;
				LastSwiftUpdateCheck = 1430;
				LastUpgradeCheck = 1430;
				TargetAttributes = {
					88DDF87E29E2603C00EC5FA4 = {
						CreatedOnToolsVersion = 14.3;
					};
				};
			};
			buildConfigurationList = 88DDF87A29E2603C00EC5FA4 /* Build configuration list for PBXProject "EmergencyAlert" */;
			compatibilityVersion = "Xcode 14.0";
			developmentRegion = en;
			hasScannedForEncodings = 0;
			knownRegions = (
				en,
				Base,
			);
			mainGroup = 88DDF87629E2603C00EC5FA4;
			productRefGroup = 88DDF88029E2603C00EC5FA4 /* Products */;
			projectDirPath = "";
			projectRoot = "";
			targets = (
				88DDF87E29E2603C00EC5FA4 /* EmergencyAlert */,
			);
		};
/* End PBXProject section */

/* Begin PBXResourcesBuildPhase section */
		88DDF87D29E2603C00EC5FA4 /* Resources */ = {
			isa = PBXResourcesBuildPhase;
			buildActionMask = 2147483647;
			files = (
				88DDF88A29E2604000EC5FA4 /* Preview Assets.xcassets in Resources */,
				88DDF88729E2604000EC5FA4 /* Assets.xcassets in Resources */,
			);
			runOnlyForDeploymentPostprocessing = 0;
		};
/* End PBXResourcesBuildPhase section */

/* Begin PBXSourcesBuildPhase section */
		88DDF87B29E2603C00EC5FA4 /* Sources */ = {
			isa = PBXSourcesBuildPhase;
			buildActionMask = 2147483647;
			files = (
				88DDF88529E2603C00EC5FA4 /* EmergencyAlertView.swift in Sources */,
				88AEF6F229E3C0FA00BFB797 /* EmergencyAlertViewModel.swift in Sources */,
				88AEF6F029E3B38800BFB797 /* PhoneNumberData.swift in Sources */,
				88DDF88329E2603C00EC5FA4 /* EmergencyAlertApp.swift in Sources */,
				88DDF89129E2805200EC5FA4 /* EmergencyAlertModel.swift in Sources */,
			);
			runOnlyForDeploymentPostprocessing = 0;
		};
/* End PBXSourcesBuildPhase section */

/* Begin XCBuildConfiguration section */
		88DDF88B29E2604000EC5FA4 /* Debug */ = {
			isa = XCBuildConfiguration;
			buildSettings = {
				ALWAYS_SEARCH_USER_PATHS = NO;
				CLANG_ANALYZER_NONNULL = YES;
				CLANG_ANALYZER_NUMBER_OBJECT_CONVERSION = YES_AGGRESSIVE;
				CLANG_CXX_LANGUAGE_STANDARD = "gnu++20";
				CLANG_ENABLE_MODULES = YES;
				CLANG_ENABLE_OBJC_ARC = YES;
				CLANG_ENABLE_OBJC_WEAK = YES;
				CLANG_WARN_BLOCK_CAPTURE_AUTORELEASING = YES;
				CLANG_WARN_BOOL_CONVERSION = YES;
				CLANG_WARN_COMMA = YES;
				CLANG_WARN_CONSTANT_CONVERSION = YES;
				CLANG_WARN_DEPRECATED_OBJC_IMPLEMENTATIONS = YES;
				CLANG_WARN_DIRECT_OBJC_ISA_USAGE = YES_ERROR;
				CLANG_WARN_DOCUMENTATION_COMMENTS = YES;
				CLANG_WARN_EMPTY_BODY = YES;
				CLANG_WARN_ENUM_CONVERSION = YES;
				CLANG_WARN_INFINITE_RECURSION = YES;
				CLANG_WARN_INT_CONVERSION = YES;
				CLANG_WARN_NON_LITERAL_NULL_CONVERSION = YES;
				CLANG_WARN_OBJC_IMPLICIT_RETAIN_SELF = YES;
				CLANG_WARN_OBJC_LITERAL_CONVERSION = YES;
				CLANG_WARN_OBJC_ROOT_CLASS = YES_ERROR;
				CLANG_WARN_QUOTED_INCLUDE_IN_FRAMEWORK_HEADER = YES;
				CLANG_WARN_RANGE_LOOP_ANALYSIS = YES;
				CLANG_WARN_STRICT_PROTOTYPES = YES;
				CLANG_WARN_SUSPICIOUS_MOVE = YES;
				CLANG_WARN_UNGUARDED_AVAILABILITY = YES_AGGRESSIVE;
				CLANG_WARN_UNREACHABLE_CODE = YES;
				CLANG_WARN__DUPLICATE_METHOD_MATCH = YES;
				COPY_PHASE_STRIP = NO;
				DEBUG_INFORMATION_FORMAT = dwarf;
				ENABLE_STRICT_OBJC_MSGSEND = YES;
				ENABLE_TESTABILITY = YES;
				GCC_C_LANGUAGE_STANDARD = gnu11;
				GCC_DYNAMIC_NO_PIC = NO;
				GCC_NO_COMMON_BLOCKS = YES;
				GCC_OPTIMIZATION_LEVEL = 0;
				GCC_PREPROCESSOR_DEFINITIONS = (
					"DEBUG=1",
					"$(inherited)",
				);
				GCC_WARN_64_TO_32_BIT_CONVERSION = YES;
				GCC_WARN_ABOUT_RETURN_TYPE = YES_ERROR;
				GCC_WARN_UNDECLARED_SELECTOR = YES;
				GCC_WARN_UNINITIALIZED_AUTOS = YES_AGGRESSIVE;
				GCC_WARN_UNUSED_FUNCTION = YES;
				GCC_WARN_UNUSED_VARIABLE = YES;
				IPHONEOS_DEPLOYMENT_TARGET = 16.4;
				MTL_ENABLE_DEBUG_INFO = INCLUDE_SOURCE;
				MTL_FAST_MATH = YES;
				ONLY_ACTIVE_ARCH = YES;
				SDKROOT = iphoneos;
				SWIFT_ACTIVE_COMPILATION_CONDITIONS = DEBUG;
				SWIFT_OPTIMIZATION_LEVEL = "-Onone";
			};
			name = Debug;
		};
		88DDF88C29E2604000EC5FA4 /* Release */ = {
			isa = XCBuildConfiguration;
			buildSettings = {
				ALWAYS_SEARCH_USER_PATHS = NO;
				CLANG_ANALYZER_NONNULL = YES;
				CLANG_ANALYZER_NUMBER_OBJECT_CONVERSION = YES_AGGRESSIVE;
				CLANG_CXX_LANGUAGE_STANDARD = "gnu++20";
				CLANG_ENABLE_MODULES = YES;
				CLANG_ENABLE_OBJC_ARC = YES;
				CLANG_ENABLE_OBJC_WEAK = YES;
				CLANG_WARN_BLOCK_CAPTURE_AUTORELEASING = YES;
				CLANG_WARN_BOOL_CONVERSION = YES;
				CLANG_WARN_COMMA = YES;
				CLANG_WARN_CONSTANT_CONVERSION = YES;
				CLANG_WARN_DEPRECATED_OBJC_IMPLEMENTATIONS = YES;
				CLANG_WARN_DIRECT_OBJC_ISA_USAGE = YES_ERROR;
				CLANG_WARN_DOCUMENTATION_COMMENTS = YES;
				CLANG_WARN_EMPTY_BODY = YES;
				CLANG_WARN_ENUM_CONVERSION = YES;
				CLANG_WARN_INFINITE_RECURSION = YES;
				CLANG_WARN_INT_CONVERSION = YES;
				CLANG_WARN_NON_LITERAL_NULL_CONVERSION = YES;
				CLANG_WARN_OBJC_IMPLICIT_RETAIN_SELF = YES;
				CLANG_WARN_OBJC_LITERAL_CONVERSION = YES;
				CLANG_WARN_OBJC_ROOT_CLASS = YES_ERROR;
				CLANG_WARN_QUOTED_INCLUDE_IN_FRAMEWORK_HEADER = YES;
				CLANG_WARN_RANGE_LOOP_ANALYSIS = YES;
				CLANG_WARN_STRICT_PROTOTYPES = YES;
				CLANG_WARN_SUSPICIOUS_MOVE = YES;
				CLANG_WARN_UNGUARDED_AVAILABILITY = YES_AGGRESSIVE;
				CLANG_WARN_UNREACHABLE_CODE = YES;
				CLANG_WARN__DUPLICATE_METHOD_MATCH = YES;
				COPY_PHASE_STRIP = NO;
				DEBUG_INFORMATION_FORMAT = "dwarf-with-dsym";
				ENABLE_NS_ASSERTIONS = NO;
				ENABLE_STRICT_OBJC_MSGSEND = YES;
				GCC_C_LANGUAGE_STANDARD = gnu11;
				GCC_NO_COMMON_BLOCKS = YES;
				GCC_WARN_64_TO_32_BIT_CONVERSION = YES;
				GCC_WARN_ABOUT_RETURN_TYPE = YES_ERROR;
				GCC_WARN_UNDECLARED_SELECTOR = YES;
				GCC_WARN_UNINITIALIZED_AUTOS = YES_AGGRESSIVE;
				GCC_WARN_UNUSED_FUNCTION = YES;
				GCC_WARN_UNUSED_VARIABLE = YES;
				IPHONEOS_DEPLOYMENT_TARGET = 16.4;
				MTL_ENABLE_DEBUG_INFO = NO;
				MTL_FAST_MATH = YES;
				SDKROOT = iphoneos;
				SWIFT_COMPILATION_MODE = wholemodule;
				SWIFT_OPTIMIZATION_LEVEL = "-O";
				VALIDATE_PRODUCT = YES;
			};
			name = Release;
		};
		88DDF88E29E2604000EC5FA4 /* Debug */ = {
			isa = XCBuildConfiguration;
			buildSettings = {
				ASSETCATALOG_COMPILER_APPICON_NAME = AppIcon;
				ASSETCATALOG_COMPILER_GLOBAL_ACCENT_COLOR_NAME = AccentColor;
				CODE_SIGN_STYLE = Automatic;
				CURRENT_PROJECT_VERSION = 1;
				DEVELOPMENT_ASSET_PATHS = "\"EmergencyAlert/Preview Content\"";
				DEVELOPMENT_TEAM = 9UDXSH8QVT;
				ENABLE_PREVIEWS = YES;
				GENERATE_INFOPLIST_FILE = YES;
				INFOPLIST_KEY_NSLocationAlwaysAndWhenInUseUsageDescription = "This app uses your location to help you.";
				INFOPLIST_KEY_NSLocationWhenInUseUsageDescription = "This app uses your location to help you.";
				INFOPLIST_KEY_UIApplicationSceneManifest_Generation = YES;
				INFOPLIST_KEY_UIApplicationSupportsIndirectInputEvents = YES;
				INFOPLIST_KEY_UILaunchScreen_Generation = YES;
				INFOPLIST_KEY_UISupportedInterfaceOrientations_iPad = "UIInterfaceOrientationPortrait UIInterfaceOrientationPortraitUpsideDown UIInterfaceOrientationLandscapeLeft UIInterfaceOrientationLandscapeRight";
				INFOPLIST_KEY_UISupportedInterfaceOrientations_iPhone = "UIInterfaceOrientationPortrait UIInterfaceOrientationLandscapeLeft UIInterfaceOrientationLandscapeRight";
				LD_RUNPATH_SEARCH_PATHS = (
					"$(inherited)",
					"@executable_path/Frameworks",
				);
				MARKETING_VERSION = 1.0;
				PRODUCT_BUNDLE_IDENTIFIER = com.anhqp1211.EmergencyAlert;
				PRODUCT_NAME = "$(TARGET_NAME)";
				SWIFT_EMIT_LOC_STRINGS = YES;
				SWIFT_VERSION = 5.0;
				TARGETED_DEVICE_FAMILY = "1,2";
			};
			name = Debug;
		};
		88DDF88F29E2604000EC5FA4 /* Release */ = {
			isa = XCBuildConfiguration;
			buildSettings = {
				ASSETCATALOG_COMPILER_APPICON_NAME = AppIcon;
				ASSETCATALOG_COMPILER_GLOBAL_ACCENT_COLOR_NAME = AccentColor;
				CODE_SIGN_STYLE = Automatic;
				CURRENT_PROJECT_VERSION = 1;
				DEVELOPMENT_ASSET_PATHS = "\"EmergencyAlert/Preview Content\"";
				DEVELOPMENT_TEAM = 9UDXSH8QVT;
				ENABLE_PREVIEWS = YES;
				GENERATE_INFOPLIST_FILE = YES;
				INFOPLIST_KEY_NSLocationAlwaysAndWhenInUseUsageDescription = "This app uses your location to help you.";
				INFOPLIST_KEY_NSLocationWhenInUseUsageDescription = "This app uses your location to help you.";
				INFOPLIST_KEY_UIApplicationSceneManifest_Generation = YES;
				INFOPLIST_KEY_UIApplicationSupportsIndirectInputEvents = YES;
				INFOPLIST_KEY_UILaunchScreen_Generation = YES;
				INFOPLIST_KEY_UISupportedInterfaceOrientations_iPad = "UIInterfaceOrientationPortrait UIInterfaceOrientationPortraitUpsideDown UIInterfaceOrientationLandscapeLeft UIInterfaceOrientationLandscapeRight";
				INFOPLIST_KEY_UISupportedInterfaceOrientations_iPhone = "UIInterfaceOrientationPortrait UIInterfaceOrientationLandscapeLeft UIInterfaceOrientationLandscapeRight";
				LD_RUNPATH_SEARCH_PATHS = (
					"$(inherited)",
					"@executable_path/Frameworks",
				);
				MARKETING_VERSION = 1.0;
				PRODUCT_BUNDLE_IDENTIFIER = com.anhqp1211.EmergencyAlert;
				PRODUCT_NAME = "$(TARGET_NAME)";
				SWIFT_EMIT_LOC_STRINGS = YES;
				SWIFT_VERSION = 5.0;
				TARGETED_DEVICE_FAMILY = "1,2";
			};
			name = Release;
		};
/* End XCBuildConfiguration section */

/* Begin XCConfigurationList section */
		88DDF87A29E2603C00EC5FA4 /* Build configuration list for PBXProject "EmergencyAlert" */ = {
			isa = XCConfigurationList;
			buildConfigurations = (
				88DDF88B29E2604000EC5FA4 /* Debug */,
				88DDF88C29E2604000EC5FA4 /* Release */,
			);
			defaultConfigurationIsVisible = 0;
			defaultConfigurationName = Release;
		};
		88DDF88D29E2604000EC5FA4 /* Build configuration list for PBXNativeTarget "EmergencyAlert" */ = {
			isa = XCConfigurationList;
			buildConfigurations = (
				88DDF88E29E2604000EC5FA4 /* Debug */,
				88DDF88F29E2604000EC5FA4 /* Release */,
			);
			defaultConfigurationIsVisible = 0;
			defaultConfigurationName = Release;
		};
/* End XCConfigurationList section */
	};
	rootObject = 88DDF87729E2603C00EC5FA4 /* Project object */;
}
